{
  "originHash" : "2e65022e037ad43315adb183895e990d8a04e40b10fdbced6e136bca178eaacc",
  "pins" : [
    {
      "identity" : "mathjaxswift",
      "kind" : "remoteSourceControl",
      "location" : "https://github.com/colinc86/MathJaxSwift.git",
      "state" : {
        "revision" : "e23d6eab941da699ac4a60fb0e60f3ba5c937459",
        "version" : "3.4.0"
      }
    },
    {
      "identity" : "splash",
      "kind" : "remoteSourceControl",
      "location" : "https://github.com/JohnSundell/Splash.git",
      "state" : {
        "revision" : "7f4df436eb78fe64fe2c32c58006e9949fa28ad8",
        "version" : "0.16.0"
      }
    },
    {
      "identity" : "swift-cmark",
      "kind" : "remoteSourceControl",
      "location" : "https://github.com/swiftlang/swift-cmark.git",
      "state" : {
        "branch" : "gfm",
        "revision" : "924936d0427cb25a61169739a7660230bffa6ea6"
      }
    },
    {
      "identity" : "swift-markdown",
      "kind" : "remoteSourceControl",
      "location" : "https://github.com/apple/swift-markdown.git",
      "state" : {
        "branch" : "main",
        "revision" : "55d66d9a9e8d4fd3f48d111b0d437e82fe451903"
      }
    }
  ],
  "version" : 3
}
